// !$*UTF8*$!
{
	archiveVersion = 1;
	classes = {
	};
	objectVersion = 51;
	objects = {

/* Begin PBXBuildFile section */
		045AB717220A65C1002B6BAC /* AppDelegate.swift in Sources */ = {isa = PBXBuildFile; fileRef = 045AB716220A65C1002B6BAC /* AppDelegate.swift */; };
		045AB71E220A65C2002B6BAC /* Assets.xcassets in Resources */ = {isa = PBXBuildFile; fileRef = 045AB71D220A65C2002B6BAC /* Assets.xcassets */; };
		045AB721220A65C2002B6BAC /* LaunchScreen.storyboard in Resources */ = {isa = PBXBuildFile; fileRef = 045AB71F220A65C2002B6BAC /* LaunchScreen.storyboard */; };
		045AB729220A6690002B6BAC /* MainNavigationViewController.swift in Sources */ = {isa = PBXBuildFile; fileRef = 045AB728220A6690002B6BAC /* MainNavigationViewController.swift */; };
		045AB72B220A68FC002B6BAC /* FirstViewController.swift in Sources */ = {isa = PBXBuildFile; fileRef = 045AB72A220A68FC002B6BAC /* FirstViewController.swift */; };
		2D2CC622251521FB1C6CE899 /* Pods_NavigationControllerExample.framework in Frameworks */ = {isa = PBXBuildFile; fileRef = ED0BD41E62BFA2236304B897 /* Pods_NavigationControllerExample.framework */; };
		45416E61235CDC2700FAE962 /* FirstViewController.xib in Resources */ = {isa = PBXBuildFile; fileRef = 45416E60235CDC2700FAE962 /* FirstViewController.xib */; };
		45416E63235D14E900FAE962 /* FirstViewControllerViewModelSpec.swift in Sources */ = {isa = PBXBuildFile; fileRef = 45416E62235D14E900FAE962 /* FirstViewControllerViewModelSpec.swift */; };
		45416E67235D62C200FAE962 /* FirstViewControllerViewModel.swift in Sources */ = {isa = PBXBuildFile; fileRef = 45416E66235D62C200FAE962 /* FirstViewControllerViewModel.swift */; };
		45416E69235D62E700FAE962 /* FirstViewControllerViewModelProtocol.swift in Sources */ = {isa = PBXBuildFile; fileRef = 45416E68235D62E700FAE962 /* FirstViewControllerViewModelProtocol.swift */; };
		45416E6D235D73F600FAE962 /* MyService.swift in Sources */ = {isa = PBXBuildFile; fileRef = 45416E6C235D73F600FAE962 /* MyService.swift */; };
		45416E6F235D741000FAE962 /* MyServiceProtocol.swift in Sources */ = {isa = PBXBuildFile; fileRef = 45416E6E235D741000FAE962 /* MyServiceProtocol.swift */; };
		45416E71235D76BA00FAE962 /* GeneratedMocks.swift in Sources */ = {isa = PBXBuildFile; fileRef = 45416E70235D76B900FAE962 /* GeneratedMocks.swift */; };
		D09AC509A462471907A2B646 /* Pods_NavigationControllerExampleTests.framework in Frameworks */ = {isa = PBXBuildFile; fileRef = F49493DB5FE75E56B78DF3AA /* Pods_NavigationControllerExampleTests.framework */; };
/* End PBXBuildFile section */

/* Begin PBXContainerItemProxy section */
		45D5001B235C0297005B3831 /* PBXContainerItemProxy */ = {
			isa = PBXContainerItemProxy;
			containerPortal = 045AB70B220A65C1002B6BAC /* Project object */;
			proxyType = 1;
			remoteGlobalIDString = 045AB712220A65C1002B6BAC;
			remoteInfo = NavigationControllerExample;
		};
/* End PBXContainerItemProxy section */

/* Begin PBXFileReference section */
		02D804DC82E2313FE68B7574 /* Pods-NavigationControllerExample.debug.xcconfig */ = {isa = PBXFileReference; includeInIndex = 1; lastKnownFileType = text.xcconfig; name = "Pods-NavigationControllerExample.debug.xcconfig"; path = "Target Support Files/Pods-NavigationControllerExample/Pods-NavigationControllerExample.debug.xcconfig"; sourceTree = "<group>"; };
		045AB713220A65C1002B6BAC /* NavigationControllerExample.app */ = {isa = PBXFileReference; explicitFileType = wrapper.application; includeInIndex = 0; path = NavigationControllerExample.app; sourceTree = BUILT_PRODUCTS_DIR; };
		045AB716220A65C1002B6BAC /* AppDelegate.swift */ = {isa = PBXFileReference; lastKnownFileType = sourcecode.swift; path = AppDelegate.swift; sourceTree = "<group>"; };
		045AB71D220A65C2002B6BAC /* Assets.xcassets */ = {isa = PBXFileReference; lastKnownFileType = folder.assetcatalog; path = Assets.xcassets; sourceTree = "<group>"; };
		045AB720220A65C2002B6BAC /* Base */ = {isa = PBXFileReference; lastKnownFileType = file.storyboard; name = Base; path = Base.lproj/LaunchScreen.storyboard; sourceTree = "<group>"; };
		045AB722220A65C2002B6BAC /* Info.plist */ = {isa = PBXFileReference; lastKnownFileType = text.plist.xml; path = Info.plist; sourceTree = "<group>"; };
		045AB728220A6690002B6BAC /* MainNavigationViewController.swift */ = {isa = PBXFileReference; lastKnownFileType = sourcecode.swift; path = MainNavigationViewController.swift; sourceTree = "<group>"; };
		045AB72A220A68FC002B6BAC /* FirstViewController.swift */ = {isa = PBXFileReference; lastKnownFileType = sourcecode.swift; path = FirstViewController.swift; sourceTree = "<group>"; };
		1AFB195CD3006B428A9BAF1B /* Pods-NavigationControllerExampleTests.release.xcconfig */ = {isa = PBXFileReference; includeInIndex = 1; lastKnownFileType = text.xcconfig; name = "Pods-NavigationControllerExampleTests.release.xcconfig"; path = "Target Support Files/Pods-NavigationControllerExampleTests/Pods-NavigationControllerExampleTests.release.xcconfig"; sourceTree = "<group>"; };
		1DF71424D4C733BDFB4297FA /* Pods-swift-starterTests.debug.xcconfig */ = {isa = PBXFileReference; includeInIndex = 1; lastKnownFileType = text.xcconfig; name = "Pods-swift-starterTests.debug.xcconfig"; path = "Target Support Files/Pods-swift-starterTests/Pods-swift-starterTests.debug.xcconfig"; sourceTree = "<group>"; };
		45416E60235CDC2700FAE962 /* FirstViewController.xib */ = {isa = PBXFileReference; lastKnownFileType = file.xib; path = FirstViewController.xib; sourceTree = "<group>"; };
		45416E62235D14E900FAE962 /* FirstViewControllerViewModelSpec.swift */ = {isa = PBXFileReference; lastKnownFileType = sourcecode.swift; path = FirstViewControllerViewModelSpec.swift; sourceTree = "<group>"; };
		45416E66235D62C200FAE962 /* FirstViewControllerViewModel.swift */ = {isa = PBXFileReference; lastKnownFileType = sourcecode.swift; path = FirstViewControllerViewModel.swift; sourceTree = "<group>"; };
		45416E68235D62E700FAE962 /* FirstViewControllerViewModelProtocol.swift */ = {isa = PBXFileReference; lastKnownFileType = sourcecode.swift; path = FirstViewControllerViewModelProtocol.swift; sourceTree = "<group>"; };
		45416E6C235D73F600FAE962 /* MyService.swift */ = {isa = PBXFileReference; lastKnownFileType = sourcecode.swift; path = MyService.swift; sourceTree = "<group>"; };
		45416E6E235D741000FAE962 /* MyServiceProtocol.swift */ = {isa = PBXFileReference; lastKnownFileType = sourcecode.swift; path = MyServiceProtocol.swift; sourceTree = "<group>"; };
		45416E70235D76B900FAE962 /* GeneratedMocks.swift */ = {isa = PBXFileReference; fileEncoding = 4; lastKnownFileType = sourcecode.swift; path = GeneratedMocks.swift; sourceTree = "<group>"; };
		45D50016235C0297005B3831 /* NavigationControllerExampleTests.xctest */ = {isa = PBXFileReference; explicitFileType = wrapper.cfbundle; includeInIndex = 0; path = NavigationControllerExampleTests.xctest; sourceTree = BUILT_PRODUCTS_DIR; };
		45D5001A235C0297005B3831 /* Info.plist */ = {isa = PBXFileReference; lastKnownFileType = text.plist.xml; path = Info.plist; sourceTree = "<group>"; };
		7A09B04DDF0460F7DC8A0C3A /* Pods-NavigationControllerExample.release.xcconfig */ = {isa = PBXFileReference; includeInIndex = 1; lastKnownFileType = text.xcconfig; name = "Pods-NavigationControllerExample.release.xcconfig"; path = "Target Support Files/Pods-NavigationControllerExample/Pods-NavigationControllerExample.release.xcconfig"; sourceTree = "<group>"; };
		81E3FFC30C9ED3E286FE146C /* Pods-NavigationControllerExampleTests.debug.xcconfig */ = {isa = PBXFileReference; includeInIndex = 1; lastKnownFileType = text.xcconfig; name = "Pods-NavigationControllerExampleTests.debug.xcconfig"; path = "Target Support Files/Pods-NavigationControllerExampleTests/Pods-NavigationControllerExampleTests.debug.xcconfig"; sourceTree = "<group>"; };
		ED0BD41E62BFA2236304B897 /* Pods_NavigationControllerExample.framework */ = {isa = PBXFileReference; explicitFileType = wrapper.framework; includeInIndex = 0; path = Pods_NavigationControllerExample.framework; sourceTree = BUILT_PRODUCTS_DIR; };
		F49493DB5FE75E56B78DF3AA /* Pods_NavigationControllerExampleTests.framework */ = {isa = PBXFileReference; explicitFileType = wrapper.framework; includeInIndex = 0; path = Pods_NavigationControllerExampleTests.framework; sourceTree = BUILT_PRODUCTS_DIR; };
		FCE0100942D5EAF5C0E703B2 /* Pods-swift-starterTests.release.xcconfig */ = {isa = PBXFileReference; includeInIndex = 1; lastKnownFileType = text.xcconfig; name = "Pods-swift-starterTests.release.xcconfig"; path = "Target Support Files/Pods-swift-starterTests/Pods-swift-starterTests.release.xcconfig"; sourceTree = "<group>"; };
/* End PBXFileReference section */

/* Begin PBXFrameworksBuildPhase section */
		045AB710220A65C1002B6BAC /* Frameworks */ = {
			isa = PBXFrameworksBuildPhase;
			buildActionMask = 2147483647;
			files = (
				2D2CC622251521FB1C6CE899 /* Pods_NavigationControllerExample.framework in Frameworks */,
			);
			runOnlyForDeploymentPostprocessing = 0;
		};
		45D50013235C0297005B3831 /* Frameworks */ = {
			isa = PBXFrameworksBuildPhase;
			buildActionMask = 2147483647;
			files = (
				D09AC509A462471907A2B646 /* Pods_NavigationControllerExampleTests.framework in Frameworks */,
			);
			runOnlyForDeploymentPostprocessing = 0;
		};
/* End PBXFrameworksBuildPhase section */

/* Begin PBXGroup section */
		045AB70A220A65C1002B6BAC = {
			isa = PBXGroup;
			children = (
				045AB715220A65C1002B6BAC /* NavigationControllerExample */,
				45D50017235C0297005B3831 /* NavigationControllerExampleTests */,
				045AB714220A65C1002B6BAC /* Products */,
				5637C9BEF3E881C1C5482DED /* Pods */,
				4BC5EB81EB3CE9561741623C /* Frameworks */,
			);
			sourceTree = "<group>";
		};
		045AB714220A65C1002B6BAC /* Products */ = {
			isa = PBXGroup;
			children = (
				045AB713220A65C1002B6BAC /* NavigationControllerExample.app */,
				45D50016235C0297005B3831 /* NavigationControllerExampleTests.xctest */,
			);
			name = Products;
			sourceTree = "<group>";
		};
		045AB715220A65C1002B6BAC /* NavigationControllerExample */ = {
			isa = PBXGroup;
			children = (
				45416E6B235D73E800FAE962 /* Services */,
				45416E6A235D73B500FAE962 /* ViewControllers */,
				045AB716220A65C1002B6BAC /* AppDelegate.swift */,
				045AB71D220A65C2002B6BAC /* Assets.xcassets */,
				045AB71F220A65C2002B6BAC /* LaunchScreen.storyboard */,
				045AB722220A65C2002B6BAC /* Info.plist */,
				045AB728220A6690002B6BAC /* MainNavigationViewController.swift */,
				45416E68235D62E700FAE962 /* FirstViewControllerViewModelProtocol.swift */,
			);
			path = NavigationControllerExample;
			sourceTree = "<group>";
		};
		45416E6A235D73B500FAE962 /* ViewControllers */ = {
			isa = PBXGroup;
			children = (
				045AB72A220A68FC002B6BAC /* FirstViewController.swift */,
				45416E60235CDC2700FAE962 /* FirstViewController.xib */,
				45416E66235D62C200FAE962 /* FirstViewControllerViewModel.swift */,
			);
			path = ViewControllers;
			sourceTree = "<group>";
		};
		45416E6B235D73E800FAE962 /* Services */ = {
			isa = PBXGroup;
			children = (
				45416E6C235D73F600FAE962 /* MyService.swift */,
				45416E6E235D741000FAE962 /* MyServiceProtocol.swift */,
			);
			path = Services;
			sourceTree = "<group>";
		};
		45D50017235C0297005B3831 /* NavigationControllerExampleTests */ = {
			isa = PBXGroup;
			children = (
				45416E70235D76B900FAE962 /* GeneratedMocks.swift */,
				45D5001A235C0297005B3831 /* Info.plist */,
				45416E62235D14E900FAE962 /* FirstViewControllerViewModelSpec.swift */,
			);
			path = NavigationControllerExampleTests;
			sourceTree = "<group>";
		};
		4BC5EB81EB3CE9561741623C /* Frameworks */ = {
			isa = PBXGroup;
			children = (
				ED0BD41E62BFA2236304B897 /* Pods_NavigationControllerExample.framework */,
				F49493DB5FE75E56B78DF3AA /* Pods_NavigationControllerExampleTests.framework */,
			);
			name = Frameworks;
			sourceTree = "<group>";
		};
		5637C9BEF3E881C1C5482DED /* Pods */ = {
			isa = PBXGroup;
			children = (
				1DF71424D4C733BDFB4297FA /* Pods-swift-starterTests.debug.xcconfig */,
				FCE0100942D5EAF5C0E703B2 /* Pods-swift-starterTests.release.xcconfig */,
				02D804DC82E2313FE68B7574 /* Pods-NavigationControllerExample.debug.xcconfig */,
				7A09B04DDF0460F7DC8A0C3A /* Pods-NavigationControllerExample.release.xcconfig */,
				81E3FFC30C9ED3E286FE146C /* Pods-NavigationControllerExampleTests.debug.xcconfig */,
				1AFB195CD3006B428A9BAF1B /* Pods-NavigationControllerExampleTests.release.xcconfig */,
			);
			path = Pods;
			sourceTree = "<group>";
		};
/* End PBXGroup section */

/* Begin PBXNativeTarget section */
		045AB712220A65C1002B6BAC /* NavigationControllerExample */ = {
			isa = PBXNativeTarget;
			buildConfigurationList = 045AB725220A65C2002B6BAC /* Build configuration list for PBXNativeTarget "NavigationControllerExample" */;
			buildPhases = (
				9085BFBFD4536C9EE6E5EB88 /* [CP] Check Pods Manifest.lock */,
				045AB70F220A65C1002B6BAC /* Sources */,
				045AB710220A65C1002B6BAC /* Frameworks */,
				045AB711220A65C1002B6BAC /* Resources */,
				1D634F941AF7F0F0C3F0BDE4 /* [CP] Embed Pods Frameworks */,
			);
			buildRules = (
			);
			dependencies = (
			);
			name = NavigationControllerExample;
			productName = NavigationControllerExample;
			productReference = 045AB713220A65C1002B6BAC /* NavigationControllerExample.app */;
			productType = "com.apple.product-type.application";
		};
		45D50015235C0297005B3831 /* NavigationControllerExampleTests */ = {
			isa = PBXNativeTarget;
			buildConfigurationList = 45D5001F235C0297005B3831 /* Build configuration list for PBXNativeTarget "NavigationControllerExampleTests" */;
			buildPhases = (
				B1CABC69571C7F384F660993 /* [CP] Check Pods Manifest.lock */,
				45416E65235D40D300FAE962 /* ShellScript */,
				45D50012235C0297005B3831 /* Sources */,
				45D50013235C0297005B3831 /* Frameworks */,
				45D50014235C0297005B3831 /* Resources */,
				EECB189A96974FC68FA46CF6 /* [CP] Embed Pods Frameworks */,
			);
			buildRules = (
			);
			dependencies = (
				45D5001C235C0297005B3831 /* PBXTargetDependency */,
			);
			name = NavigationControllerExampleTests;
			productName = "swift-starterTests";
			productReference = 45D50016235C0297005B3831 /* NavigationControllerExampleTests.xctest */;
			productType = "com.apple.product-type.bundle.unit-test";
		};
/* End PBXNativeTarget section */

/* Begin PBXProject section */
		045AB70B220A65C1002B6BAC /* Project object */ = {
			isa = PBXProject;
			attributes = {
				LastSwiftUpdateCheck = 1110;
				LastUpgradeCheck = 1010;
				ORGANIZATIONNAME = "Mark Manalo";
				TargetAttributes = {
					045AB712220A65C1002B6BAC = {
						CreatedOnToolsVersion = 10.1;
					};
					45D50015235C0297005B3831 = {
						CreatedOnToolsVersion = 11.1;
						TestTargetID = 045AB712220A65C1002B6BAC;
					};
				};
			};
			buildConfigurationList = 045AB70E220A65C1002B6BAC /* Build configuration list for PBXProject "NavigationControllerExample" */;
			compatibilityVersion = "Xcode 9.3";
			developmentRegion = en;
			hasScannedForEncodings = 0;
			knownRegions = (
				en,
				Base,
			);
			mainGroup = 045AB70A220A65C1002B6BAC;
			productRefGroup = 045AB714220A65C1002B6BAC /* Products */;
			projectDirPath = "";
			projectRoot = "";
			targets = (
				045AB712220A65C1002B6BAC /* NavigationControllerExample */,
				45D50015235C0297005B3831 /* NavigationControllerExampleTests */,
			);
		};
/* End PBXProject section */

/* Begin PBXResourcesBuildPhase section */
		045AB711220A65C1002B6BAC /* Resources */ = {
			isa = PBXResourcesBuildPhase;
			buildActionMask = 2147483647;
			files = (
				045AB721220A65C2002B6BAC /* LaunchScreen.storyboard in Resources */,
				45416E61235CDC2700FAE962 /* FirstViewController.xib in Resources */,
				045AB71E220A65C2002B6BAC /* Assets.xcassets in Resources */,
			);
			runOnlyForDeploymentPostprocessing = 0;
		};
		45D50014235C0297005B3831 /* Resources */ = {
			isa = PBXResourcesBuildPhase;
			buildActionMask = 2147483647;
			files = (
			);
			runOnlyForDeploymentPostprocessing = 0;
		};
/* End PBXResourcesBuildPhase section */

/* Begin PBXShellScriptBuildPhase section */
		1D634F941AF7F0F0C3F0BDE4 /* [CP] Embed Pods Frameworks */ = {
			isa = PBXShellScriptBuildPhase;
			buildActionMask = 2147483647;
			files = (
			);
			inputFileListPaths = (
				"${PODS_ROOT}/Target Support Files/Pods-NavigationControllerExample/Pods-NavigationControllerExample-frameworks-${CONFIGURATION}-input-files.xcfilelist",
			);
			name = "[CP] Embed Pods Frameworks";
			outputFileListPaths = (
				"${PODS_ROOT}/Target Support Files/Pods-NavigationControllerExample/Pods-NavigationControllerExample-frameworks-${CONFIGURATION}-output-files.xcfilelist",
			);
			runOnlyForDeploymentPostprocessing = 0;
			shellPath = /bin/sh;
			shellScript = "\"${PODS_ROOT}/Target Support Files/Pods-NavigationControllerExample/Pods-NavigationControllerExample-frameworks.sh\"\n";
			showEnvVarsInLog = 0;
		};
		45416E65235D40D300FAE962 /* ShellScript */ = {
			isa = PBXShellScriptBuildPhase;
			buildActionMask = 2147483647;
			files = (
			);
			inputFileListPaths = (
			);
			inputPaths = (
			);
			outputFileListPaths = (
			);
			outputPaths = (
			);
			runOnlyForDeploymentPostprocessing = 0;
			shellPath = /bin/sh;
			shellScript = "# Define output file. Change \"${PROJECT_DIR}/${PROJECT_NAME}Tests\" to your test's root source folder, if it's not the default name.\nOUTPUT_FILE=\"${PROJECT_DIR}/${PROJECT_NAME}Tests/GeneratedMocks.swift\"\necho \"Generated Mocks File = ${OUTPUT_FILE}\"\n\n# Define input directory. Change \"${PROJECT_DIR}/${PROJECT_NAME}\" to your project's root source folder, if it's not the default name.\nINPUT_DIR=\"${PROJECT_DIR}/${PROJECT_NAME}\"\necho \"Mocks Input Directory = ${INPUT_DIR}\"\n\n# Generate mock files, include as many input files as you'd like to create mocks for.\n\"${PODS_ROOT}/Cuckoo/run\" generate --testable \"${PROJECT_NAME}\" \\\n--output \"${OUTPUT_FILE}\" \\\n\"${INPUT_DIR}/Services/MyService.swift\" \n# ... and so forth, the last line should never end with a backslash\n\n# After running once, locate `GeneratedMocks.swift` and drag it into your Xcode test target group.\n";
		};
		9085BFBFD4536C9EE6E5EB88 /* [CP] Check Pods Manifest.lock */ = {
			isa = PBXShellScriptBuildPhase;
			buildActionMask = 2147483647;
			files = (
			);
			inputFileListPaths = (
			);
			inputPaths = (
				"${PODS_PODFILE_DIR_PATH}/Podfile.lock",
				"${PODS_ROOT}/Manifest.lock",
			);
			name = "[CP] Check Pods Manifest.lock";
			outputFileListPaths = (
			);
			outputPaths = (
				"$(DERIVED_FILE_DIR)/Pods-NavigationControllerExample-checkManifestLockResult.txt",
			);
			runOnlyForDeploymentPostprocessing = 0;
			shellPath = /bin/sh;
			shellScript = "diff \"${PODS_PODFILE_DIR_PATH}/Podfile.lock\" \"${PODS_ROOT}/Manifest.lock\" > /dev/null\nif [ $? != 0 ] ; then\n    # print error to STDERR\n    echo \"error: The sandbox is not in sync with the Podfile.lock. Run 'pod install' or update your CocoaPods installation.\" >&2\n    exit 1\nfi\n# This output is used by Xcode 'outputs' to avoid re-running this script phase.\necho \"SUCCESS\" > \"${SCRIPT_OUTPUT_FILE_0}\"\n";
			showEnvVarsInLog = 0;
		};
		B1CABC69571C7F384F660993 /* [CP] Check Pods Manifest.lock */ = {
			isa = PBXShellScriptBuildPhase;
			buildActionMask = 2147483647;
			files = (
			);
			inputFileListPaths = (
			);
			inputPaths = (
				"${PODS_PODFILE_DIR_PATH}/Podfile.lock",
				"${PODS_ROOT}/Manifest.lock",
			);
			name = "[CP] Check Pods Manifest.lock";
			outputFileListPaths = (
			);
			outputPaths = (
				"$(DERIVED_FILE_DIR)/Pods-NavigationControllerExampleTests-checkManifestLockResult.txt",
			);
			runOnlyForDeploymentPostprocessing = 0;
			shellPath = /bin/sh;
			shellScript = "diff \"${PODS_PODFILE_DIR_PATH}/Podfile.lock\" \"${PODS_ROOT}/Manifest.lock\" > /dev/null\nif [ $? != 0 ] ; then\n    # print error to STDERR\n    echo \"error: The sandbox is not in sync with the Podfile.lock. Run 'pod install' or update your CocoaPods installation.\" >&2\n    exit 1\nfi\n# This output is used by Xcode 'outputs' to avoid re-running this script phase.\necho \"SUCCESS\" > \"${SCRIPT_OUTPUT_FILE_0}\"\n";
			showEnvVarsInLog = 0;
		};
		EECB189A96974FC68FA46CF6 /* [CP] Embed Pods Frameworks */ = {
			isa = PBXShellScriptBuildPhase;
			buildActionMask = 2147483647;
			files = (
			);
			inputFileListPaths = (
				"${PODS_ROOT}/Target Support Files/Pods-NavigationControllerExampleTests/Pods-NavigationControllerExampleTests-frameworks-${CONFIGURATION}-input-files.xcfilelist",
			);
			name = "[CP] Embed Pods Frameworks";
			outputFileListPaths = (
				"${PODS_ROOT}/Target Support Files/Pods-NavigationControllerExampleTests/Pods-NavigationControllerExampleTests-frameworks-${CONFIGURATION}-output-files.xcfilelist",
			);
			runOnlyForDeploymentPostprocessing = 0;
			shellPath = /bin/sh;
			shellScript = "\"${PODS_ROOT}/Target Support Files/Pods-NavigationControllerExampleTests/Pods-NavigationControllerExampleTests-frameworks.sh\"\n";
			showEnvVarsInLog = 0;
		};
/* End PBXShellScriptBuildPhase section */

/* Begin PBXSourcesBuildPhase section */
		045AB70F220A65C1002B6BAC /* Sources */ = {
			isa = PBXSourcesBuildPhase;
			buildActionMask = 2147483647;
			files = (
				45416E69235D62E700FAE962 /* FirstViewControllerViewModelProtocol.swift in Sources */,
				45416E67235D62C200FAE962 /* FirstViewControllerViewModel.swift in Sources */,
				45416E6F235D741000FAE962 /* MyServiceProtocol.swift in Sources */,
				045AB72B220A68FC002B6BAC /* FirstViewController.swift in Sources */,
				45416E6D235D73F600FAE962 /* MyService.swift in Sources */,
				045AB717220A65C1002B6BAC /* AppDelegate.swift in Sources */,
				045AB729220A6690002B6BAC /* MainNavigationViewController.swift in Sources */,
			);
			runOnlyForDeploymentPostprocessing = 0;
		};
		45D50012235C0297005B3831 /* Sources */ = {
			isa = PBXSourcesBuildPhase;
			buildActionMask = 2147483647;
			files = (
				45416E63235D14E900FAE962 /* FirstViewControllerViewModelSpec.swift in Sources */,
				45416E71235D76BA00FAE962 /* GeneratedMocks.swift in Sources */,
			);
			runOnlyForDeploymentPostprocessing = 0;
		};
/* End PBXSourcesBuildPhase section */

/* Begin PBXTargetDependency section */
		45D5001C235C0297005B3831 /* PBXTargetDependency */ = {
			isa = PBXTargetDependency;
			target = 045AB712220A65C1002B6BAC /* NavigationControllerExample */;
			targetProxy = 45D5001B235C0297005B3831 /* PBXContainerItemProxy */;
		};
/* End PBXTargetDependency section */

/* Begin PBXVariantGroup section */
		045AB71F220A65C2002B6BAC /* LaunchScreen.storyboard */ = {
			isa = PBXVariantGroup;
			children = (
				045AB720220A65C2002B6BAC /* Base */,
			);
			name = LaunchScreen.storyboard;
			sourceTree = "<group>";
		};
/* End PBXVariantGroup section */

/* Begin XCBuildConfiguration section */
		045AB723220A65C2002B6BAC /* Debug */ = {
			isa = XCBuildConfiguration;
			buildSettings = {
				ALWAYS_SEARCH_USER_PATHS = NO;
				CLANG_ANALYZER_NONNULL = YES;
				CLANG_ANALYZER_NUMBER_OBJECT_CONVERSION = YES_AGGRESSIVE;
				CLANG_CXX_LANGUAGE_STANDARD = "gnu++14";
				CLANG_CXX_LIBRARY = "libc++";
				CLANG_ENABLE_MODULES = YES;
				CLANG_ENABLE_OBJC_ARC = YES;
				CLANG_ENABLE_OBJC_WEAK = YES;
				CLANG_WARN_BLOCK_CAPTURE_AUTORELEASING = YES;
				CLANG_WARN_BOOL_CONVERSION = YES;
				CLANG_WARN_COMMA = YES;
				CLANG_WARN_CONSTANT_CONVERSION = YES;
				CLANG_WARN_DEPRECATED_OBJC_IMPLEMENTATIONS = YES;
				CLANG_WARN_DIRECT_OBJC_ISA_USAGE = YES_ERROR;
				CLANG_WARN_DOCUMENTATION_COMMENTS = YES;
				CLANG_WARN_EMPTY_BODY = YES;
				CLANG_WARN_ENUM_CONVERSION = YES;
				CLANG_WARN_INFINITE_RECURSION = YES;
				CLANG_WARN_INT_CONVERSION = YES;
				CLANG_WARN_NON_LITERAL_NULL_CONVERSION = YES;
				CLANG_WARN_OBJC_IMPLICIT_RETAIN_SELF = YES;
				CLANG_WARN_OBJC_LITERAL_CONVERSION = YES;
				CLANG_WARN_OBJC_ROOT_CLASS = YES_ERROR;
				CLANG_WARN_RANGE_LOOP_ANALYSIS = YES;
				CLANG_WARN_STRICT_PROTOTYPES = YES;
				CLANG_WARN_SUSPICIOUS_MOVE = YES;
				CLANG_WARN_UNGUARDED_AVAILABILITY = YES_AGGRESSIVE;
				CLANG_WARN_UNREACHABLE_CODE = YES;
				CLANG_WARN__DUPLICATE_METHOD_MATCH = YES;
				CODE_SIGN_IDENTITY = "iPhone Developer";
				COPY_PHASE_STRIP = NO;
				DEBUG_INFORMATION_FORMAT = dwarf;
				ENABLE_STRICT_OBJC_MSGSEND = YES;
				ENABLE_TESTABILITY = YES;
				GCC_C_LANGUAGE_STANDARD = gnu11;
				GCC_DYNAMIC_NO_PIC = NO;
				GCC_NO_COMMON_BLOCKS = YES;
				GCC_OPTIMIZATION_LEVEL = 0;
				GCC_PREPROCESSOR_DEFINITIONS = (
					"DEBUG=1",
					"$(inherited)",
				);
				GCC_WARN_64_TO_32_BIT_CONVERSION = YES;
				GCC_WARN_ABOUT_RETURN_TYPE = YES_ERROR;
				GCC_WARN_UNDECLARED_SELECTOR = YES;
				GCC_WARN_UNINITIALIZED_AUTOS = YES_AGGRESSIVE;
				GCC_WARN_UNUSED_FUNCTION = YES;
				GCC_WARN_UNUSED_VARIABLE = YES;
				IPHONEOS_DEPLOYMENT_TARGET = 12.1;
				MTL_ENABLE_DEBUG_INFO = INCLUDE_SOURCE;
				MTL_FAST_MATH = YES;
				ONLY_ACTIVE_ARCH = YES;
				SDKROOT = iphoneos;
				SWIFT_ACTIVE_COMPILATION_CONDITIONS = DEBUG;
				SWIFT_OPTIMIZATION_LEVEL = "-Onone";
			};
			name = Debug;
		};
		045AB724220A65C2002B6BAC /* Release */ = {
			isa = XCBuildConfiguration;
			buildSettings = {
				ALWAYS_SEARCH_USER_PATHS = NO;
				CLANG_ANALYZER_NONNULL = YES;
				CLANG_ANALYZER_NUMBER_OBJECT_CONVERSION = YES_AGGRESSIVE;
				CLANG_CXX_LANGUAGE_STANDARD = "gnu++14";
				CLANG_CXX_LIBRARY = "libc++";
				CLANG_ENABLE_MODULES = YES;
				CLANG_ENABLE_OBJC_ARC = YES;
				CLANG_ENABLE_OBJC_WEAK = YES;
				CLANG_WARN_BLOCK_CAPTURE_AUTORELEASING = YES;
				CLANG_WARN_BOOL_CONVERSION = YES;
				CLANG_WARN_COMMA = YES;
				CLANG_WARN_CONSTANT_CONVERSION = YES;
				CLANG_WARN_DEPRECATED_OBJC_IMPLEMENTATIONS = YES;
				CLANG_WARN_DIRECT_OBJC_ISA_USAGE = YES_ERROR;
				CLANG_WARN_DOCUMENTATION_COMMENTS = YES;
				CLANG_WARN_EMPTY_BODY = YES;
				CLANG_WARN_ENUM_CONVERSION = YES;
				CLANG_WARN_INFINITE_RECURSION = YES;
				CLANG_WARN_INT_CONVERSION = YES;
				CLANG_WARN_NON_LITERAL_NULL_CONVERSION = YES;
				CLANG_WARN_OBJC_IMPLICIT_RETAIN_SELF = YES;
				CLANG_WARN_OBJC_LITERAL_CONVERSION = YES;
				CLANG_WARN_OBJC_ROOT_CLASS = YES_ERROR;
				CLANG_WARN_RANGE_LOOP_ANALYSIS = YES;
				CLANG_WARN_STRICT_PROTOTYPES = YES;
				CLANG_WARN_SUSPICIOUS_MOVE = YES;
				CLANG_WARN_UNGUARDED_AVAILABILITY = YES_AGGRESSIVE;
				CLANG_WARN_UNREACHABLE_CODE = YES;
				CLANG_WARN__DUPLICATE_METHOD_MATCH = YES;
				CODE_SIGN_IDENTITY = "iPhone Developer";
				COPY_PHASE_STRIP = NO;
				DEBUG_INFORMATION_FORMAT = "dwarf-with-dsym";
				ENABLE_NS_ASSERTIONS = NO;
				ENABLE_STRICT_OBJC_MSGSEND = YES;
				GCC_C_LANGUAGE_STANDARD = gnu11;
				GCC_NO_COMMON_BLOCKS = YES;
				GCC_WARN_64_TO_32_BIT_CONVERSION = YES;
				GCC_WARN_ABOUT_RETURN_TYPE = YES_ERROR;
				GCC_WARN_UNDECLARED_SELECTOR = YES;
				GCC_WARN_UNINITIALIZED_AUTOS = YES_AGGRESSIVE;
				GCC_WARN_UNUSED_FUNCTION = YES;
				GCC_WARN_UNUSED_VARIABLE = YES;
				IPHONEOS_DEPLOYMENT_TARGET = 12.1;
				MTL_ENABLE_DEBUG_INFO = NO;
				MTL_FAST_MATH = YES;
				SDKROOT = iphoneos;
				SWIFT_COMPILATION_MODE = wholemodule;
				SWIFT_OPTIMIZATION_LEVEL = "-O";
				VALIDATE_PRODUCT = YES;
			};
			name = Release;
		};
		045AB726220A65C2002B6BAC /* Debug */ = {
			isa = XCBuildConfiguration;
			baseConfigurationReference = 02D804DC82E2313FE68B7574 /* Pods-NavigationControllerExample.debug.xcconfig */;
			buildSettings = {
				ASSETCATALOG_COMPILER_APPICON_NAME = AppIcon;
				CODE_SIGN_STYLE = Automatic;
				INFOPLIST_FILE = NavigationControllerExample/Info.plist;
				LD_RUNPATH_SEARCH_PATHS = (
					"$(inherited)",
					"@executable_path/Frameworks",
				);
				PRODUCT_BUNDLE_IDENTIFIER = com.marksmanalo.NavigationControllerExample;
				PRODUCT_NAME = "$(TARGET_NAME)";
				SWIFT_VERSION = 4.2;
				TARGETED_DEVICE_FAMILY = "1,2";
			};
			name = Debug;
		};
		045AB727220A65C2002B6BAC /* Release */ = {
			isa = XCBuildConfiguration;
			baseConfigurationReference = 7A09B04DDF0460F7DC8A0C3A /* Pods-NavigationControllerExample.release.xcconfig */;
			buildSettings = {
				ASSETCATALOG_COMPILER_APPICON_NAME = AppIcon;
				CODE_SIGN_STYLE = Automatic;
				INFOPLIST_FILE = NavigationControllerExample/Info.plist;
				LD_RUNPATH_SEARCH_PATHS = (
					"$(inherited)",
					"@executable_path/Frameworks",
				);
				PRODUCT_BUNDLE_IDENTIFIER = com.marksmanalo.NavigationControllerExample;
				PRODUCT_NAME = "$(TARGET_NAME)";
				SWIFT_VERSION = 4.2;
				TARGETED_DEVICE_FAMILY = "1,2";
			};
			name = Release;
		};
		45D5001D235C0297005B3831 /* Debug */ = {
			isa = XCBuildConfiguration;
			baseConfigurationReference = 81E3FFC30C9ED3E286FE146C /* Pods-NavigationControllerExampleTests.debug.xcconfig */;
			buildSettings = {
				BUNDLE_LOADER = "$(TEST_HOST)";
				CODE_SIGN_STYLE = Automatic;
				DEVELOPMENT_TEAM = AFYYUPA2SC;
				INFOPLIST_FILE = NavigationControllerExampleTests/Info.plist;
				IPHONEOS_DEPLOYMENT_TARGET = 13.1;
				LD_RUNPATH_SEARCH_PATHS = (
					"$(inherited)",
					"@executable_path/Frameworks",
					"@loader_path/Frameworks",
				);
				PRODUCT_BUNDLE_IDENTIFIER = "com.marksmanalo.swift-starterTests";
				PRODUCT_NAME = "$(TARGET_NAME)";
				SWIFT_VERSION = 5.0;
				TARGETED_DEVICE_FAMILY = "1,2";
				TEST_HOST = "$(BUILT_PRODUCTS_DIR)/NavigationControllerExample.app/NavigationControllerExample";
			};
			name = Debug;
		};
		45D5001E235C0297005B3831 /* Release */ = {
			isa = XCBuildConfiguration;
			baseConfigurationReference = 1AFB195CD3006B428A9BAF1B /* Pods-NavigationControllerExampleTests.release.xcconfig */;
			buildSettings = {
				BUNDLE_LOADER = "$(TEST_HOST)";
				CODE_SIGN_STYLE = Automatic;
				DEVELOPMENT_TEAM = AFYYUPA2SC;
				INFOPLIST_FILE = NavigationControllerExampleTests/Info.plist;
				IPHONEOS_DEPLOYMENT_TARGET = 13.1;
				LD_RUNPATH_SEARCH_PATHS = (
					"$(inherited)",
					"@executable_path/Frameworks",
					"@loader_path/Frameworks",
				);
				PRODUCT_BUNDLE_IDENTIFIER = "com.marksmanalo.swift-starterTests";
				PRODUCT_NAME = "$(TARGET_NAME)";
				SWIFT_VERSION = 5.0;
				TARGETED_DEVICE_FAMILY = "1,2";
				TEST_HOST = "$(BUILT_PRODUCTS_DIR)/NavigationControllerExample.app/NavigationControllerExample";
			};
			name = Release;
		};
/* End XCBuildConfiguration section */

/* Begin XCConfigurationList section */
		045AB70E220A65C1002B6BAC /* Build configuration list for PBXProject "NavigationControllerExample" */ = {
			isa = XCConfigurationList;
			buildConfigurations = (
				045AB723220A65C2002B6BAC /* Debug */,
				045AB724220A65C2002B6BAC /* Release */,
			);
			defaultConfigurationIsVisible = 0;
			defaultConfigurationName = Release;
		};
		045AB725220A65C2002B6BAC /* Build configuration list for PBXNativeTarget "NavigationControllerExample" */ = {
			isa = XCConfigurationList;
			buildConfigurations = (
				045AB726220A65C2002B6BAC /* Debug */,
				045AB727220A65C2002B6BAC /* Release */,
			);
			defaultConfigurationIsVisible = 0;
			defaultConfigurationName = Release;
		};
		45D5001F235C0297005B3831 /* Build configuration list for PBXNativeTarget "NavigationControllerExampleTests" */ = {
			isa = XCConfigurationList;
			buildConfigurations = (
				45D5001D235C0297005B3831 /* Debug */,
				45D5001E235C0297005B3831 /* Release */,
			);
			defaultConfigurationIsVisible = 0;
			defaultConfigurationName = Release;
		};
/* End XCConfigurationList section */
	};
	rootObject = 045AB70B220A65C1002B6BAC /* Project object */;
}
